{
  "name": "kano-devices-sdk",
  "version": "1.0.0",
  "lockfileVersion": 1,
  "requires": true,
  "dependencies": {
    "rollup": {
      "version": "0.56.5",
      "resolved": "https://registry.npmjs.org/rollup/-/rollup-0.56.5.tgz",
      "integrity": "sha512-IGPk5vdWrsc4vkiW9XMeXr5QMtxmvATTttTi59w2jBQWe9G/MMQtn8teIBAj+DdK51TrpVT6P0aQUaQUlUYCJA==",
      "dev": true
    },
    "wolfy87-eventemitter": {
      "version": "5.2.4",
      "resolved": "https://registry.npmjs.org/wolfy87-eventemitter/-/wolfy87-eventemitter-5.2.4.tgz",
      "integrity": "sha512-yUOUSIzZxqBeu6VdnigqYHwwjy5N3CRX5XSHh/YcVpy+Qsx+HkHaEWdmdyAr3NvyBYDraOa5EfNIbu47T5QzIA=="
    }
  }
}
